// !$*UTF8*$!
{
	archiveVersion = 1;
	classes = {
	};
	objectVersion = 50;
	objects = {

/* Begin PBXBuildFile section */
		582FA6B524731E9100391ED0 /* AppDelegate.swift in Sources */ = {isa = PBXBuildFile; fileRef = 582FA6B424731E9100391ED0 /* AppDelegate.swift */; };
		582FA6B724731E9100391ED0 /* SceneDelegate.swift in Sources */ = {isa = PBXBuildFile; fileRef = 582FA6B624731E9100391ED0 /* SceneDelegate.swift */; };
		582FA6B924731E9100391ED0 /* ViewController.swift in Sources */ = {isa = PBXBuildFile; fileRef = 582FA6B824731E9100391ED0 /* ViewController.swift */; };
		582FA6BC24731E9100391ED0 /* Main.storyboard in Resources */ = {isa = PBXBuildFile; fileRef = 582FA6BA24731E9100391ED0 /* Main.storyboard */; };
		582FA6BE24731E9300391ED0 /* Assets.xcassets in Resources */ = {isa = PBXBuildFile; fileRef = 582FA6BD24731E9300391ED0 /* Assets.xcassets */; };
		582FA6C124731E9300391ED0 /* LaunchScreen.storyboard in Resources */ = {isa = PBXBuildFile; fileRef = 582FA6BF24731E9300391ED0 /* LaunchScreen.storyboard */; };
		582FA6CC24731E9400391ED0 /* Final_ProjectTests.swift in Sources */ = {isa = PBXBuildFile; fileRef = 582FA6CB24731E9400391ED0 /* Final_ProjectTests.swift */; };
		582FA6D724731E9400391ED0 /* Final_ProjectUITests.swift in Sources */ = {isa = PBXBuildFile; fileRef = 582FA6D624731E9400391ED0 /* Final_ProjectUITests.swift */; };
		582FA7252474D1CC00391ED0 /* LocationViewController.swift in Sources */ = {isa = PBXBuildFile; fileRef = 582FA7242474D1CC00391ED0 /* LocationViewController.swift */; };
/* End PBXBuildFile section */

/* Begin PBXContainerItemProxy section */
		582FA6C824731E9400391ED0 /* PBXContainerItemProxy */ = {
			isa = PBXContainerItemProxy;
			containerPortal = 582FA6A924731E9100391ED0 /* Project object */;
			proxyType = 1;
			remoteGlobalIDString = 582FA6B024731E9100391ED0;
			remoteInfo = "Final Project";
		};
		582FA6D324731E9400391ED0 /* PBXContainerItemProxy */ = {
			isa = PBXContainerItemProxy;
			containerPortal = 582FA6A924731E9100391ED0 /* Project object */;
			proxyType = 1;
			remoteGlobalIDString = 582FA6B024731E9100391ED0;
			remoteInfo = "Final Project";
		};
/* End PBXContainerItemProxy section */

/* Begin PBXFileReference section */
		582FA6B124731E9100391ED0 /* Final Project.app */ = {isa = PBXFileReference; explicitFileType = wrapper.application; includeInIndex = 0; path = "Final Project.app"; sourceTree = BUILT_PRODUCTS_DIR; };
		582FA6B424731E9100391ED0 /* AppDelegate.swift */ = {isa = PBXFileReference; lastKnownFileType = sourcecode.swift; path = AppDelegate.swift; sourceTree = "<group>"; };
		582FA6B624731E9100391ED0 /* SceneDelegate.swift */ = {isa = PBXFileReference; lastKnownFileType = sourcecode.swift; path = SceneDelegate.swift; sourceTree = "<group>"; };
		582FA6B824731E9100391ED0 /* ViewController.swift */ = {isa = PBXFileReference; lastKnownFileType = sourcecode.swift; path = ViewController.swift; sourceTree = "<group>"; };
		582FA6BB24731E9100391ED0 /* Base */ = {isa = PBXFileReference; lastKnownFileType = file.storyboard; name = Base; path = Base.lproj/Main.storyboard; sourceTree = "<group>"; };
		582FA6BD24731E9300391ED0 /* Assets.xcassets */ = {isa = PBXFileReference; lastKnownFileType = folder.assetcatalog; path = Assets.xcassets; sourceTree = "<group>"; };
		582FA6C024731E9300391ED0 /* Base */ = {isa = PBXFileReference; lastKnownFileType = file.storyboard; name = Base; path = Base.lproj/LaunchScreen.storyboard; sourceTree = "<group>"; };
		582FA6C224731E9300391ED0 /* Info.plist */ = {isa = PBXFileReference; lastKnownFileType = text.plist.xml; path = Info.plist; sourceTree = "<group>"; };
		582FA6C724731E9400391ED0 /* Final ProjectTests.xctest */ = {isa = PBXFileReference; explicitFileType = wrapper.cfbundle; includeInIndex = 0; path = "Final ProjectTests.xctest"; sourceTree = BUILT_PRODUCTS_DIR; };
		582FA6CB24731E9400391ED0 /* Final_ProjectTests.swift */ = {isa = PBXFileReference; lastKnownFileType = sourcecode.swift; path = Final_ProjectTests.swift; sourceTree = "<group>"; };
		582FA6CD24731E9400391ED0 /* Info.plist */ = {isa = PBXFileReference; lastKnownFileType = text.plist.xml; path = Info.plist; sourceTree = "<group>"; };
		582FA6D224731E9400391ED0 /* Final ProjectUITests.xctest */ = {isa = PBXFileReference; explicitFileType = wrapper.cfbundle; includeInIndex = 0; path = "Final ProjectUITests.xctest"; sourceTree = BUILT_PRODUCTS_DIR; };
		582FA6D624731E9400391ED0 /* Final_ProjectUITests.swift */ = {isa = PBXFileReference; lastKnownFileType = sourcecode.swift; path = Final_ProjectUITests.swift; sourceTree = "<group>"; };
		582FA6D824731E9400391ED0 /* Info.plist */ = {isa = PBXFileReference; lastKnownFileType = text.plist.xml; path = Info.plist; sourceTree = "<group>"; };
		582FA7242474D1CC00391ED0 /* LocationViewController.swift */ = {isa = PBXFileReference; lastKnownFileType = sourcecode.swift; path = LocationViewController.swift; sourceTree = "<group>"; };
/* End PBXFileReference section */

/* Begin PBXFrameworksBuildPhase section */
		582FA6AE24731E9100391ED0 /* Frameworks */ = {
			isa = PBXFrameworksBuildPhase;
			buildActionMask = 2147483647;
			files = (
			);
			runOnlyForDeploymentPostprocessing = 0;
		};
		582FA6C424731E9400391ED0 /* Frameworks */ = {
			isa = PBXFrameworksBuildPhase;
			buildActionMask = 2147483647;
			files = (
			);
			runOnlyForDeploymentPostprocessing = 0;
		};
		582FA6CF24731E9400391ED0 /* Frameworks */ = {
			isa = PBXFrameworksBuildPhase;
			buildActionMask = 2147483647;
			files = (
			);
			runOnlyForDeploymentPostprocessing = 0;
		};
/* End PBXFrameworksBuildPhase section */

/* Begin PBXGroup section */
		582FA6A824731E9100391ED0 = {
			isa = PBXGroup;
			children = (
				582FA6B324731E9100391ED0 /* Final Project */,
				582FA6CA24731E9400391ED0 /* Final ProjectTests */,
				582FA6D524731E9400391ED0 /* Final ProjectUITests */,
				582FA6B224731E9100391ED0 /* Products */,
			);
			sourceTree = "<group>";
		};
		582FA6B224731E9100391ED0 /* Products */ = {
			isa = PBXGroup;
			children = (
				582FA6B124731E9100391ED0 /* Final Project.app */,
				582FA6C724731E9400391ED0 /* Final ProjectTests.xctest */,
				582FA6D224731E9400391ED0 /* Final ProjectUITests.xctest */,
			);
			name = Products;
			sourceTree = "<group>";
		};
		582FA6B324731E9100391ED0 /* Final Project */ = {
			isa = PBXGroup;
			children = (
				582FA6B424731E9100391ED0 /* AppDelegate.swift */,
				582FA6B624731E9100391ED0 /* SceneDelegate.swift */,
				582FA6B824731E9100391ED0 /* ViewController.swift */,
				582FA7242474D1CC00391ED0 /* LocationViewController.swift */,
				582FA6BA24731E9100391ED0 /* Main.storyboard */,
				582FA6BD24731E9300391ED0 /* Assets.xcassets */,
				582FA6BF24731E9300391ED0 /* LaunchScreen.storyboard */,
				582FA6C224731E9300391ED0 /* Info.plist */,
			);
			path = "Final Project";
			sourceTree = "<group>";
		};
		582FA6CA24731E9400391ED0 /* Final ProjectTests */ = {
			isa = PBXGroup;
			children = (
				582FA6CB24731E9400391ED0 /* Final_ProjectTests.swift */,
				582FA6CD24731E9400391ED0 /* Info.plist */,
			);
			path = "Final ProjectTests";
			sourceTree = "<group>";
		};
		582FA6D524731E9400391ED0 /* Final ProjectUITests */ = {
			isa = PBXGroup;
			children = (
				582FA6D624731E9400391ED0 /* Final_ProjectUITests.swift */,
				582FA6D824731E9400391ED0 /* Info.plist */,
			);
			path = "Final ProjectUITests";
			sourceTree = "<group>";
		};
/* End PBXGroup section */

/* Begin PBXNativeTarget section */
		582FA6B024731E9100391ED0 /* Final Project */ = {
			isa = PBXNativeTarget;
			buildConfigurationList = 582FA6DB24731E9400391ED0 /* Build configuration list for PBXNativeTarget "Final Project" */;
			buildPhases = (
				582FA6AD24731E9100391ED0 /* Sources */,
				582FA6AE24731E9100391ED0 /* Frameworks */,
				582FA6AF24731E9100391ED0 /* Resources */,
			);
			buildRules = (
			);
			dependencies = (
			);
			name = "Final Project";
			productName = "Final Project";
			productReference = 582FA6B124731E9100391ED0 /* Final Project.app */;
			productType = "com.apple.product-type.application";
		};
		582FA6C624731E9400391ED0 /* Final ProjectTests */ = {
			isa = PBXNativeTarget;
			buildConfigurationList = 582FA6DE24731E9400391ED0 /* Build configuration list for PBXNativeTarget "Final ProjectTests" */;
			buildPhases = (
				582FA6C324731E9400391ED0 /* Sources */,
				582FA6C424731E9400391ED0 /* Frameworks */,
				582FA6C524731E9400391ED0 /* Resources */,
			);
			buildRules = (
			);
			dependencies = (
				582FA6C924731E9400391ED0 /* PBXTargetDependency */,
			);
			name = "Final ProjectTests";
			productName = "Final ProjectTests";
			productReference = 582FA6C724731E9400391ED0 /* Final ProjectTests.xctest */;
			productType = "com.apple.product-type.bundle.unit-test";
		};
		582FA6D124731E9400391ED0 /* Final ProjectUITests */ = {
			isa = PBXNativeTarget;
			buildConfigurationList = 582FA6E124731E9400391ED0 /* Build configuration list for PBXNativeTarget "Final ProjectUITests" */;
			buildPhases = (
				582FA6CE24731E9400391ED0 /* Sources */,
				582FA6CF24731E9400391ED0 /* Frameworks */,
				582FA6D024731E9400391ED0 /* Resources */,
			);
			buildRules = (
			);
			dependencies = (
				582FA6D424731E9400391ED0 /* PBXTargetDependency */,
			);
			name = "Final ProjectUITests";
			productName = "Final ProjectUITests";
			productReference = 582FA6D224731E9400391ED0 /* Final ProjectUITests.xctest */;
			productType = "com.apple.product-type.bundle.ui-testing";
		};
/* End PBXNativeTarget section */

/* Begin PBXProject section */
		582FA6A924731E9100391ED0 /* Project object */ = {
			isa = PBXProject;
			attributes = {
				LastSwiftUpdateCheck = 1110;
				LastUpgradeCheck = 1110;
				ORGANIZATIONNAME = mojo;
				TargetAttributes = {
					582FA6B024731E9100391ED0 = {
						CreatedOnToolsVersion = 11.1;
					};
					582FA6C624731E9400391ED0 = {
						CreatedOnToolsVersion = 11.1;
						TestTargetID = 582FA6B024731E9100391ED0;
					};
					582FA6D124731E9400391ED0 = {
						CreatedOnToolsVersion = 11.1;
						TestTargetID = 582FA6B024731E9100391ED0;
					};
				};
			};
			buildConfigurationList = 582FA6AC24731E9100391ED0 /* Build configuration list for PBXProject "Final Project" */;
			compatibilityVersion = "Xcode 9.3";
			developmentRegion = en;
			hasScannedForEncodings = 0;
			knownRegions = (
				en,
				Base,
			);
			mainGroup = 582FA6A824731E9100391ED0;
			productRefGroup = 582FA6B224731E9100391ED0 /* Products */;
			projectDirPath = "";
			projectRoot = "";
			targets = (
				582FA6B024731E9100391ED0 /* Final Project */,
				582FA6C624731E9400391ED0 /* Final ProjectTests */,
				582FA6D124731E9400391ED0 /* Final ProjectUITests */,
			);
		};
/* End PBXProject section */

/* Begin PBXResourcesBuildPhase section */
		582FA6AF24731E9100391ED0 /* Resources */ = {
			isa = PBXResourcesBuildPhase;
			buildActionMask = 2147483647;
			files = (
				582FA6C124731E9300391ED0 /* LaunchScreen.storyboard in Resources */,
				582FA6BE24731E9300391ED0 /* Assets.xcassets in Resources */,
				582FA6BC24731E9100391ED0 /* Main.storyboard in Resources */,
			);
			runOnlyForDeploymentPostprocessing = 0;
		};
		582FA6C524731E9400391ED0 /* Resources */ = {
			isa = PBXResourcesBuildPhase;
			buildActionMask = 2147483647;
			files = (
			);
			runOnlyForDeploymentPostprocessing = 0;
		};
		582FA6D024731E9400391ED0 /* Resources */ = {
			isa = PBXResourcesBuildPhase;
			buildActionMask = 2147483647;
			files = (
			);
			runOnlyForDeploymentPostprocessing = 0;
		};
/* End PBXResourcesBuildPhase section */

/* Begin PBXSourcesBuildPhase section */
		582FA6AD24731E9100391ED0 /* Sources */ = {
			isa = PBXSourcesBuildPhase;
			buildActionMask = 2147483647;
			files = (
				582FA6B924731E9100391ED0 /* ViewController.swift in Sources */,
				582FA6B524731E9100391ED0 /* AppDelegate.swift in Sources */,
				582FA6B724731E9100391ED0 /* SceneDelegate.swift in Sources */,
				582FA7252474D1CC00391ED0 /* LocationViewController.swift in Sources */,
			);
			runOnlyForDeploymentPostprocessing = 0;
		};
		582FA6C324731E9400391ED0 /* Sources */ = {
			isa = PBXSourcesBuildPhase;
			buildActionMask = 2147483647;
			files = (
				582FA6CC24731E9400391ED0 /* Final_ProjectTests.swift in Sources */,
			);
			runOnlyForDeploymentPostprocessing = 0;
		};
		582FA6CE24731E9400391ED0 /* Sources */ = {
			isa = PBXSourcesBuildPhase;
			buildActionMask = 2147483647;
			files = (
				582FA6D724731E9400391ED0 /* Final_ProjectUITests.swift in Sources */,
			);
			runOnlyForDeploymentPostprocessing = 0;
		};
/* End PBXSourcesBuildPhase section */

/* Begin PBXTargetDependency section */
		582FA6C924731E9400391ED0 /* PBXTargetDependency */ = {
			isa = PBXTargetDependency;
			target = 582FA6B024731E9100391ED0 /* Final Project */;
			targetProxy = 582FA6C824731E9400391ED0 /* PBXContainerItemProxy */;
		};
		582FA6D424731E9400391ED0 /* PBXTargetDependency */ = {
			isa = PBXTargetDependency;
			target = 582FA6B024731E9100391ED0 /* Final Project */;
			targetProxy = 582FA6D324731E9400391ED0 /* PBXContainerItemProxy */;
		};
/* End PBXTargetDependency section */

/* Begin PBXVariantGroup section */
		582FA6BA24731E9100391ED0 /* Main.storyboard */ = {
			isa = PBXVariantGroup;
			children = (
				582FA6BB24731E9100391ED0 /* Base */,
			);
			name = Main.storyboard;
			sourceTree = "<group>";
		};
		582FA6BF24731E9300391ED0 /* LaunchScreen.storyboard */ = {
			isa = PBXVariantGroup;
			children = (
				582FA6C024731E9300391ED0 /* Base */,
			);
			name = LaunchScreen.storyboard;
			sourceTree = "<group>";
		};
/* End PBXVariantGroup section */

/* Begin XCBuildConfiguration section */
		582FA6D924731E9400391ED0 /* Debug */ = {
			isa = XCBuildConfiguration;
			buildSettings = {
				ALWAYS_SEARCH_USER_PATHS = NO;
				CLANG_ANALYZER_NONNULL = YES;
				CLANG_ANALYZER_NUMBER_OBJECT_CONVERSION = YES_AGGRESSIVE;
				CLANG_CXX_LANGUAGE_STANDARD = "gnu++14";
				CLANG_CXX_LIBRARY = "libc++";
				CLANG_ENABLE_MODULES = YES;
				CLANG_ENABLE_OBJC_ARC = YES;
				CLANG_ENABLE_OBJC_WEAK = YES;
				CLANG_WARN_BLOCK_CAPTURE_AUTORELEASING = YES;
				CLANG_WARN_BOOL_CONVERSION = YES;
				CLANG_WARN_COMMA = YES;
				CLANG_WARN_CONSTANT_CONVERSION = YES;
				CLANG_WARN_DEPRECATED_OBJC_IMPLEMENTATIONS = YES;
				CLANG_WARN_DIRECT_OBJC_ISA_USAGE = YES_ERROR;
				CLANG_WARN_DOCUMENTATION_COMMENTS = YES;
				CLANG_WARN_EMPTY_BODY = YES;
				CLANG_WARN_ENUM_CONVERSION = YES;
				CLANG_WARN_INFINITE_RECURSION = YES;
				CLANG_WARN_INT_CONVERSION = YES;
				CLANG_WARN_NON_LITERAL_NULL_CONVERSION = YES;
				CLANG_WARN_OBJC_IMPLICIT_RETAIN_SELF = YES;
				CLANG_WARN_OBJC_LITERAL_CONVERSION = YES;
				CLANG_WARN_OBJC_ROOT_CLASS = YES_ERROR;
				CLANG_WARN_RANGE_LOOP_ANALYSIS = YES;
				CLANG_WARN_STRICT_PROTOTYPES = YES;
				CLANG_WARN_SUSPICIOUS_MOVE = YES;
				CLANG_WARN_UNGUARDED_AVAILABILITY = YES_AGGRESSIVE;
				CLANG_WARN_UNREACHABLE_CODE = YES;
				CLANG_WARN__DUPLICATE_METHOD_MATCH = YES;
				COPY_PHASE_STRIP = NO;
				DEBUG_INFORMATION_FORMAT = dwarf;
				ENABLE_STRICT_OBJC_MSGSEND = YES;
				ENABLE_TESTABILITY = YES;
				GCC_C_LANGUAGE_STANDARD = gnu11;
				GCC_DYNAMIC_NO_PIC = NO;
				GCC_NO_COMMON_BLOCKS = YES;
				GCC_OPTIMIZATION_LEVEL = 0;
				GCC_PREPROCESSOR_DEFINITIONS = (
					"DEBUG=1",
					"$(inherited)",
				);
				GCC_WARN_64_TO_32_BIT_CONVERSION = YES;
				GCC_WARN_ABOUT_RETURN_TYPE = YES_ERROR;
				GCC_WARN_UNDECLARED_SELECTOR = YES;
				GCC_WARN_UNINITIALIZED_AUTOS = YES_AGGRESSIVE;
				GCC_WARN_UNUSED_FUNCTION = YES;
				GCC_WARN_UNUSED_VARIABLE = YES;
				IPHONEOS_DEPLOYMENT_TARGET = 13.1;
				MTL_ENABLE_DEBUG_INFO = INCLUDE_SOURCE;
				MTL_FAST_MATH = YES;
				ONLY_ACTIVE_ARCH = YES;
				SDKROOT = iphoneos;
				SWIFT_ACTIVE_COMPILATION_CONDITIONS = DEBUG;
				SWIFT_OPTIMIZATION_LEVEL = "-Onone";
			};
			name = Debug;
		};
		582FA6DA24731E9400391ED0 /* Release */ = {
			isa = XCBuildConfiguration;
			buildSettings = {
				ALWAYS_SEARCH_USER_PATHS = NO;
				CLANG_ANALYZER_NONNULL = YES;
				CLANG_ANALYZER_NUMBER_OBJECT_CONVERSION = YES_AGGRESSIVE;
				CLANG_CXX_LANGUAGE_STANDARD = "gnu++14";
				CLANG_CXX_LIBRARY = "libc++";
				CLANG_ENABLE_MODULES = YES;
				CLANG_ENABLE_OBJC_ARC = YES;
				CLANG_ENABLE_OBJC_WEAK = YES;
				CLANG_WARN_BLOCK_CAPTURE_AUTORELEASING = YES;
				CLANG_WARN_BOOL_CONVERSION = YES;
				CLANG_WARN_COMMA = YES;
				CLANG_WARN_CONSTANT_CONVERSION = YES;
				CLANG_WARN_DEPRECATED_OBJC_IMPLEMENTATIONS = YES;
				CLANG_WARN_DIRECT_OBJC_ISA_USAGE = YES_ERROR;
				CLANG_WARN_DOCUMENTATION_COMMENTS = YES;
				CLANG_WARN_EMPTY_BODY = YES;
				CLANG_WARN_ENUM_CONVERSION = YES;
				CLANG_WARN_INFINITE_RECURSION = YES;
				CLANG_WARN_INT_CONVERSION = YES;
				CLANG_WARN_NON_LITERAL_NULL_CONVERSION = YES;
				CLANG_WARN_OBJC_IMPLICIT_RETAIN_SELF = YES;
				CLANG_WARN_OBJC_LITERAL_CONVERSION = YES;
				CLANG_WARN_OBJC_ROOT_CLASS = YES_ERROR;
				CLANG_WARN_RANGE_LOOP_ANALYSIS = YES;
				CLANG_WARN_STRICT_PROTOTYPES = YES;
				CLANG_WARN_SUSPICIOUS_MOVE = YES;
				CLANG_WARN_UNGUARDED_AVAILABILITY = YES_AGGRESSIVE;
				CLANG_WARN_UNREACHABLE_CODE = YES;
				CLANG_WARN__DUPLICATE_METHOD_MATCH = YES;
				COPY_PHASE_STRIP = NO;
				DEBUG_INFORMATION_FORMAT = "dwarf-with-dsym";
				ENABLE_NS_ASSERTIONS = NO;
				ENABLE_STRICT_OBJC_MSGSEND = YES;
				GCC_C_LANGUAGE_STANDARD = gnu11;
				GCC_NO_COMMON_BLOCKS = YES;
				GCC_WARN_64_TO_32_BIT_CONVERSION = YES;
				GCC_WARN_ABOUT_RETURN_TYPE = YES_ERROR;
				GCC_WARN_UNDECLARED_SELECTOR = YES;
				GCC_WARN_UNINITIALIZED_AUTOS = YES_AGGRESSIVE;
				GCC_WARN_UNUSED_FUNCTION = YES;
				GCC_WARN_UNUSED_VARIABLE = YES;
				IPHONEOS_DEPLOYMENT_TARGET = 13.1;
				MTL_ENABLE_DEBUG_INFO = NO;
				MTL_FAST_MATH = YES;
				SDKROOT = iphoneos;
				SWIFT_COMPILATION_MODE = wholemodule;
				SWIFT_OPTIMIZATION_LEVEL = "-O";
				VALIDATE_PRODUCT = YES;
			};
			name = Release;
		};
		582FA6DC24731E9400391ED0 /* Debug */ = {
			isa = XCBuildConfiguration;
			buildSettings = {
				ASSETCATALOG_COMPILER_APPICON_NAME = AppIcon;
				CODE_SIGN_STYLE = Automatic;
				DEVELOPMENT_TEAM = RD42WQ9VF6;
				INFOPLIST_FILE = "Final Project/Info.plist";
				LD_RUNPATH_SEARCH_PATHS = (
					"$(inherited)",
					"@executable_path/Frameworks",
				);
				PRODUCT_BUNDLE_IDENTIFIER = "AveryZ.Final-Project";
				PRODUCT_NAME = "$(TARGET_NAME)";
				SWIFT_VERSION = 5.0;
				TARGETED_DEVICE_FAMILY = "1,2";
			};
			name = Debug;
		};
		582FA6DD24731E9400391ED0 /* Release */ = {
			isa = XCBuildConfiguration;
			buildSettings = {
				ASSETCATALOG_COMPILER_APPICON_NAME = AppIcon;
				CODE_SIGN_STYLE = Automatic;
				DEVELOPMENT_TEAM = RD42WQ9VF6;
				INFOPLIST_FILE = "Final Project/Info.plist";
				LD_RUNPATH_SEARCH_PATHS = (
					"$(inherited)",
					"@executable_path/Frameworks",
				);
				PRODUCT_BUNDLE_IDENTIFIER = "AveryZ.Final-Project";
				PRODUCT_NAME = "$(TARGET_NAME)";
				SWIFT_VERSION = 5.0;
				TARGETED_DEVICE_FAMILY = "1,2";
			};
			name = Release;
		};
		582FA6DF24731E9400391ED0 /* Debug */ = {
			isa = XCBuildConfiguration;
			buildSettings = {
				ALWAYS_EMBED_SWIFT_STANDARD_LIBRARIES = YES;
				BUNDLE_LOADER = "$(TEST_HOST)";
				CODE_SIGN_STYLE = Automatic;
				DEVELOPMENT_TEAM = RD42WQ9VF6;
				INFOPLIST_FILE = "Final ProjectTests/Info.plist";
				IPHONEOS_DEPLOYMENT_TARGET = 13.1;
				LD_RUNPATH_SEARCH_PATHS = (
					"$(inherited)",
					"@executable_path/Frameworks",
					"@loader_path/Frameworks",
				);
				PRODUCT_BUNDLE_IDENTIFIER = "AveryZ.Final-ProjectTests";
				PRODUCT_NAME = "$(TARGET_NAME)";
				SWIFT_VERSION = 5.0;
				TARGETED_DEVICE_FAMILY = "1,2";
				TEST_HOST = "$(BUILT_PRODUCTS_DIR)/Final Project.app/Final Project";
			};
			name = Debug;
		};
		582FA6E024731E9400391ED0 /* Release */ = {
			isa = XCBuildConfiguration;
			buildSettings = {
				ALWAYS_EMBED_SWIFT_STANDARD_LIBRARIES = YES;
				BUNDLE_LOADER = "$(TEST_HOST)";
				CODE_SIGN_STYLE = Automatic;
				DEVELOPMENT_TEAM = RD42WQ9VF6;
				INFOPLIST_FILE = "Final ProjectTests/Info.plist";
				IPHONEOS_DEPLOYMENT_TARGET = 13.1;
				LD_RUNPATH_SEARCH_PATHS = (
					"$(inherited)",
					"@executable_path/Frameworks",
					"@loader_path/Frameworks",
				);
				PRODUCT_BUNDLE_IDENTIFIER = "AveryZ.Final-ProjectTests";
				PRODUCT_NAME = "$(TARGET_NAME)";
				SWIFT_VERSION = 5.0;
				TARGETED_DEVICE_FAMILY = "1,2";
				TEST_HOST = "$(BUILT_PRODUCTS_DIR)/Final Project.app/Final Project";
			};
			name = Release;
		};
		582FA6E224731E9400391ED0 /* Debug */ = {
			isa = XCBuildConfiguration;
			buildSettings = {
				ALWAYS_EMBED_SWIFT_STANDARD_LIBRARIES = YES;
				CODE_SIGN_STYLE = Automatic;
				DEVELOPMENT_TEAM = RD42WQ9VF6;
				INFOPLIST_FILE = "Final ProjectUITests/Info.plist";
				LD_RUNPATH_SEARCH_PATHS = (
					"$(inherited)",
					"@executable_path/Frameworks",
					"@loader_path/Frameworks",
				);
				PRODUCT_BUNDLE_IDENTIFIER = "AveryZ.Final-ProjectUITests";
				PRODUCT_NAME = "$(TARGET_NAME)";
				SWIFT_VERSION = 5.0;
				TARGETED_DEVICE_FAMILY = "1,2";
				TEST_TARGET_NAME = "Final Project";
			};
			name = Debug;
		};
		582FA6E324731E9400391ED0 /* Release */ = {
			isa = XCBuildConfiguration;
			buildSettings = {
				ALWAYS_EMBED_SWIFT_STANDARD_LIBRARIES = YES;
				CODE_SIGN_STYLE = Automatic;
				DEVELOPMENT_TEAM = RD42WQ9VF6;
				INFOPLIST_FILE = "Final ProjectUITests/Info.plist";
				LD_RUNPATH_SEARCH_PATHS = (
					"$(inherited)",
					"@executable_path/Frameworks",
					"@loader_path/Frameworks",
				);
				PRODUCT_BUNDLE_IDENTIFIER = "AveryZ.Final-ProjectUITests";
				PRODUCT_NAME = "$(TARGET_NAME)";
				SWIFT_VERSION = 5.0;
				TARGETED_DEVICE_FAMILY = "1,2";
				TEST_TARGET_NAME = "Final Project";
			};
			name = Release;
		};
/* End XCBuildConfiguration section */

/* Begin XCConfigurationList section */
		582FA6AC24731E9100391ED0 /* Build configuration list for PBXProject "Final Project" */ = {
			isa = XCConfigurationList;
			buildConfigurations = (
				582FA6D924731E9400391ED0 /* Debug */,
				582FA6DA24731E9400391ED0 /* Release */,
			);
			defaultConfigurationIsVisible = 0;
			defaultConfigurationName = Release;
		};
		582FA6DB24731E9400391ED0 /* Build configuration list for PBXNativeTarget "Final Project" */ = {
			isa = XCConfigurationList;
			buildConfigurations = (
				582FA6DC24731E9400391ED0 /* Debug */,
				582FA6DD24731E9400391ED0 /* Release */,
			);
			defaultConfigurationIsVisible = 0;
			defaultConfigurationName = Release;
		};
		582FA6DE24731E9400391ED0 /* Build configuration list for PBXNativeTarget "Final ProjectTests" */ = {
			isa = XCConfigurationList;
			buildConfigurations = (
				582FA6DF24731E9400391ED0 /* Debug */,
				582FA6E024731E9400391ED0 /* Release */,
			);
			defaultConfigurationIsVisible = 0;
			defaultConfigurationName = Release;
		};
		582FA6E124731E9400391ED0 /* Build configuration list for PBXNativeTarget "Final ProjectUITests" */ = {
			isa = XCConfigurationList;
			buildConfigurations = (
				582FA6E224731E9400391ED0 /* Debug */,
				582FA6E324731E9400391ED0 /* Release */,
			);
			defaultConfigurationIsVisible = 0;
			defaultConfigurationName = Release;
		};
/* End XCConfigurationList section */
	};
	rootObject = 582FA6A924731E9100391ED0 /* Project object */;
}
